// !$*UTF8*$!
{
	archiveVersion = 1;
	classes = {
	};
	objectVersion = 46;
	objects = {

/* Begin PBXBuildFile section */
		268C1E0A1A0BFAC1006AFE1A /* AppDelegate.swift in Sources */ = {isa = PBXBuildFile; fileRef = 268C1E091A0BFAC1006AFE1A /* AppDelegate.swift */; };
		268C1E0C1A0BFAC1006AFE1A /* ViewController.swift in Sources */ = {isa = PBXBuildFile; fileRef = 268C1E0B1A0BFAC1006AFE1A /* ViewController.swift */; };
		268C1E0F1A0BFAC1006AFE1A /* Main.storyboard in Resources */ = {isa = PBXBuildFile; fileRef = 268C1E0D1A0BFAC1006AFE1A /* Main.storyboard */; };
		268C1E111A0BFAC1006AFE1A /* Images.xcassets in Resources */ = {isa = PBXBuildFile; fileRef = 268C1E101A0BFAC1006AFE1A /* Images.xcassets */; };
		268C1E141A0BFAC1006AFE1A /* LaunchScreen.xib in Resources */ = {isa = PBXBuildFile; fileRef = 268C1E121A0BFAC1006AFE1A /* LaunchScreen.xib */; };
		268C1E201A0BFAC1006AFE1A /* GloverPageBasedChallengeTests.swift in Sources */ = {isa = PBXBuildFile; fileRef = 268C1E1F1A0BFAC1006AFE1A /* GloverPageBasedChallengeTests.swift */; };
		268C1E2B1A0BFCE8006AFE1A /* PageAViewController.swift in Sources */ = {isa = PBXBuildFile; fileRef = 268C1E2A1A0BFCE8006AFE1A /* PageAViewController.swift */; };
		268C1E2D1A0BFCF7006AFE1A /* PageBViewController.swift in Sources */ = {isa = PBXBuildFile; fileRef = 268C1E2C1A0BFCF7006AFE1A /* PageBViewController.swift */; };
		268C1E2F1A0BFD0B006AFE1A /* PageCViewController.swift in Sources */ = {isa = PBXBuildFile; fileRef = 268C1E2E1A0BFD0B006AFE1A /* PageCViewController.swift */; };
		268C1E311A0BFD19006AFE1A /* PageDViewController.swift in Sources */ = {isa = PBXBuildFile; fileRef = 268C1E301A0BFD19006AFE1A /* PageDViewController.swift */; };
/* End PBXBuildFile section */

/* Begin PBXContainerItemProxy section */
		268C1E1A1A0BFAC1006AFE1A /* PBXContainerItemProxy */ = {
			isa = PBXContainerItemProxy;
			containerPortal = 268C1DFC1A0BFAC1006AFE1A /* Project object */;
			proxyType = 1;
			remoteGlobalIDString = 268C1E031A0BFAC1006AFE1A;
			remoteInfo = GloverPageBasedChallenge;
		};
/* End PBXContainerItemProxy section */

/* Begin PBXFileReference section */
		268C1E041A0BFAC1006AFE1A /* GloverPageBasedChallenge.app */ = {isa = PBXFileReference; explicitFileType = wrapper.application; includeInIndex = 0; path = GloverPageBasedChallenge.app; sourceTree = BUILT_PRODUCTS_DIR; };
		268C1E081A0BFAC1006AFE1A /* Info.plist */ = {isa = PBXFileReference; lastKnownFileType = text.plist.xml; path = Info.plist; sourceTree = "<group>"; };
		268C1E091A0BFAC1006AFE1A /* AppDelegate.swift */ = {isa = PBXFileReference; lastKnownFileType = sourcecode.swift; path = AppDelegate.swift; sourceTree = "<group>"; };
		268C1E0B1A0BFAC1006AFE1A /* ViewController.swift */ = {isa = PBXFileReference; lastKnownFileType = sourcecode.swift; path = ViewController.swift; sourceTree = "<group>"; };
		268C1E0E1A0BFAC1006AFE1A /* Base */ = {isa = PBXFileReference; lastKnownFileType = file.storyboard; name = Base; path = Base.lproj/Main.storyboard; sourceTree = "<group>"; };
		268C1E101A0BFAC1006AFE1A /* Images.xcassets */ = {isa = PBXFileReference; lastKnownFileType = folder.assetcatalog; path = Images.xcassets; sourceTree = "<group>"; };
		268C1E131A0BFAC1006AFE1A /* Base */ = {isa = PBXFileReference; lastKnownFileType = file.xib; name = Base; path = Base.lproj/LaunchScreen.xib; sourceTree = "<group>"; };
		268C1E191A0BFAC1006AFE1A /* GloverPageBasedChallengeTests.xctest */ = {isa = PBXFileReference; explicitFileType = wrapper.cfbundle; includeInIndex = 0; path = GloverPageBasedChallengeTests.xctest; sourceTree = BUILT_PRODUCTS_DIR; };
		268C1E1E1A0BFAC1006AFE1A /* Info.plist */ = {isa = PBXFileReference; lastKnownFileType = text.plist.xml; path = Info.plist; sourceTree = "<group>"; };
		268C1E1F1A0BFAC1006AFE1A /* GloverPageBasedChallengeTests.swift */ = {isa = PBXFileReference; lastKnownFileType = sourcecode.swift; path = GloverPageBasedChallengeTests.swift; sourceTree = "<group>"; };
		268C1E2A1A0BFCE8006AFE1A /* PageAViewController.swift */ = {isa = PBXFileReference; fileEncoding = 4; lastKnownFileType = sourcecode.swift; name = PageAViewController.swift; path = "View Controllers/PageAViewController.swift"; sourceTree = "<group>"; };
		268C1E2C1A0BFCF7006AFE1A /* PageBViewController.swift */ = {isa = PBXFileReference; fileEncoding = 4; lastKnownFileType = sourcecode.swift; name = PageBViewController.swift; path = "View Controllers/PageBViewController.swift"; sourceTree = "<group>"; };
		268C1E2E1A0BFD0B006AFE1A /* PageCViewController.swift */ = {isa = PBXFileReference; fileEncoding = 4; lastKnownFileType = sourcecode.swift; name = PageCViewController.swift; path = "View Controllers/PageCViewController.swift"; sourceTree = "<group>"; };
		268C1E301A0BFD19006AFE1A /* PageDViewController.swift */ = {isa = PBXFileReference; fileEncoding = 4; lastKnownFileType = sourcecode.swift; name = PageDViewController.swift; path = "View Controllers/PageDViewController.swift"; sourceTree = "<group>"; };
/* End PBXFileReference section */

/* Begin PBXFrameworksBuildPhase section */
		268C1E011A0BFAC1006AFE1A /* Frameworks */ = {
			isa = PBXFrameworksBuildPhase;
			buildActionMask = 2147483647;
			files = (
			);
			runOnlyForDeploymentPostprocessing = 0;
		};
		268C1E161A0BFAC1006AFE1A /* Frameworks */ = {
			isa = PBXFrameworksBuildPhase;
			buildActionMask = 2147483647;
			files = (
			);
			runOnlyForDeploymentPostprocessing = 0;
		};
/* End PBXFrameworksBuildPhase section */

/* Begin PBXGroup section */
		268C1DFB1A0BFAC1006AFE1A = {
			isa = PBXGroup;
			children = (
				268C1E061A0BFAC1006AFE1A /* GloverPageBasedChallenge */,
				268C1E1C1A0BFAC1006AFE1A /* GloverPageBasedChallengeTests */,
				268C1E051A0BFAC1006AFE1A /* Products */,
			);
			sourceTree = "<group>";
		};
		268C1E051A0BFAC1006AFE1A /* Products */ = {
			isa = PBXGroup;
			children = (
				268C1E041A0BFAC1006AFE1A /* GloverPageBasedChallenge.app */,
				268C1E191A0BFAC1006AFE1A /* GloverPageBasedChallengeTests.xctest */,
			);
			name = Products;
			sourceTree = "<group>";
		};
		268C1E061A0BFAC1006AFE1A /* GloverPageBasedChallenge */ = {
			isa = PBXGroup;
			children = (
				268C1E291A0BFCC7006AFE1A /* View Controllers */,
				268C1E091A0BFAC1006AFE1A /* AppDelegate.swift */,
				268C1E0D1A0BFAC1006AFE1A /* Main.storyboard */,
				268C1E101A0BFAC1006AFE1A /* Images.xcassets */,
				268C1E121A0BFAC1006AFE1A /* LaunchScreen.xib */,
				268C1E071A0BFAC1006AFE1A /* Supporting Files */,
			);
			path = GloverPageBasedChallenge;
			sourceTree = "<group>";
		};
		268C1E071A0BFAC1006AFE1A /* Supporting Files */ = {
			isa = PBXGroup;
			children = (
				268C1E081A0BFAC1006AFE1A /* Info.plist */,
			);
			name = "Supporting Files";
			sourceTree = "<group>";
		};
		268C1E1C1A0BFAC1006AFE1A /* GloverPageBasedChallengeTests */ = {
			isa = PBXGroup;
			children = (
				268C1E1F1A0BFAC1006AFE1A /* GloverPageBasedChallengeTests.swift */,
				268C1E1D1A0BFAC1006AFE1A /* Supporting Files */,
			);
			path = GloverPageBasedChallengeTests;
			sourceTree = "<group>";
		};
		268C1E1D1A0BFAC1006AFE1A /* Supporting Files */ = {
			isa = PBXGroup;
			children = (
				268C1E1E1A0BFAC1006AFE1A /* Info.plist */,
			);
			name = "Supporting Files";
			sourceTree = "<group>";
		};
		268C1E291A0BFCC7006AFE1A /* View Controllers */ = {
			isa = PBXGroup;
			children = (
				268C1E0B1A0BFAC1006AFE1A /* ViewController.swift */,
				268C1E2A1A0BFCE8006AFE1A /* PageAViewController.swift */,
				268C1E2C1A0BFCF7006AFE1A /* PageBViewController.swift */,
				268C1E2E1A0BFD0B006AFE1A /* PageCViewController.swift */,
				268C1E301A0BFD19006AFE1A /* PageDViewController.swift */,
			);
			name = "View Controllers";
			sourceTree = "<group>";
		};
/* End PBXGroup section */

/* Begin PBXNativeTarget section */
		268C1E031A0BFAC1006AFE1A /* GloverPageBasedChallenge */ = {
			isa = PBXNativeTarget;
			buildConfigurationList = 268C1E231A0BFAC1006AFE1A /* Build configuration list for PBXNativeTarget "GloverPageBasedChallenge" */;
			buildPhases = (
				268C1E001A0BFAC1006AFE1A /* Sources */,
				268C1E011A0BFAC1006AFE1A /* Frameworks */,
				268C1E021A0BFAC1006AFE1A /* Resources */,
			);
			buildRules = (
			);
			dependencies = (
			);
			name = GloverPageBasedChallenge;
			productName = GloverPageBasedChallenge;
			productReference = 268C1E041A0BFAC1006AFE1A /* GloverPageBasedChallenge.app */;
			productType = "com.apple.product-type.application";
		};
		268C1E181A0BFAC1006AFE1A /* GloverPageBasedChallengeTests */ = {
			isa = PBXNativeTarget;
			buildConfigurationList = 268C1E261A0BFAC1006AFE1A /* Build configuration list for PBXNativeTarget "GloverPageBasedChallengeTests" */;
			buildPhases = (
				268C1E151A0BFAC1006AFE1A /* Sources */,
				268C1E161A0BFAC1006AFE1A /* Frameworks */,
				268C1E171A0BFAC1006AFE1A /* Resources */,
			);
			buildRules = (
			);
			dependencies = (
				268C1E1B1A0BFAC1006AFE1A /* PBXTargetDependency */,
			);
			name = GloverPageBasedChallengeTests;
			productName = GloverPageBasedChallengeTests;
			productReference = 268C1E191A0BFAC1006AFE1A /* GloverPageBasedChallengeTests.xctest */;
			productType = "com.apple.product-type.bundle.unit-test";
		};
/* End PBXNativeTarget section */

/* Begin PBXProject section */
		268C1DFC1A0BFAC1006AFE1A /* Project object */ = {
			isa = PBXProject;
			attributes = {
				LastUpgradeCheck = 0610;
				ORGANIZATIONNAME = "Glover LLC";
				TargetAttributes = {
					268C1E031A0BFAC1006AFE1A = {
						CreatedOnToolsVersion = 6.1;
					};
					268C1E181A0BFAC1006AFE1A = {
						CreatedOnToolsVersion = 6.1;
						TestTargetID = 268C1E031A0BFAC1006AFE1A;
					};
				};
			};
			buildConfigurationList = 268C1DFF1A0BFAC1006AFE1A /* Build configuration list for PBXProject "GloverPageBasedChallenge" */;
			compatibilityVersion = "Xcode 3.2";
			developmentRegion = English;
			hasScannedForEncodings = 0;
			knownRegions = (
				en,
				Base,
			);
			mainGroup = 268C1DFB1A0BFAC1006AFE1A;
			productRefGroup = 268C1E051A0BFAC1006AFE1A /* Products */;
			projectDirPath = "";
			projectRoot = "";
			targets = (
				268C1E031A0BFAC1006AFE1A /* GloverPageBasedChallenge */,
				268C1E181A0BFAC1006AFE1A /* GloverPageBasedChallengeTests */,
			);
		};
/* End PBXProject section */

/* Begin PBXResourcesBuildPhase section */
		268C1E021A0BFAC1006AFE1A /* Resources */ = {
			isa = PBXResourcesBuildPhase;
			buildActionMask = 2147483647;
			files = (
				268C1E0F1A0BFAC1006AFE1A /* Main.storyboard in Resources */,
				268C1E141A0BFAC1006AFE1A /* LaunchScreen.xib in Resources */,
				268C1E111A0BFAC1006AFE1A /* Images.xcassets in Resources */,
			);
			runOnlyForDeploymentPostprocessing = 0;
		};
		268C1E171A0BFAC1006AFE1A /* Resources */ = {
			isa = PBXResourcesBuildPhase;
			buildActionMask = 2147483647;
			files = (
			);
			runOnlyForDeploymentPostprocessing = 0;
		};
/* End PBXResourcesBuildPhase section */

/* Begin PBXSourcesBuildPhase section */
		268C1E001A0BFAC1006AFE1A /* Sources */ = {
			isa = PBXSourcesBuildPhase;
			buildActionMask = 2147483647;
			files = (
				268C1E0C1A0BFAC1006AFE1A /* ViewController.swift in Sources */,
				268C1E0A1A0BFAC1006AFE1A /* AppDelegate.swift in Sources */,
				268C1E2D1A0BFCF7006AFE1A /* PageBViewController.swift in Sources */,
				268C1E2B1A0BFCE8006AFE1A /* PageAViewController.swift in Sources */,
				268C1E311A0BFD19006AFE1A /* PageDViewController.swift in Sources */,
				268C1E2F1A0BFD0B006AFE1A /* PageCViewController.swift in Sources */,
			);
			runOnlyForDeploymentPostprocessing = 0;
		};
		268C1E151A0BFAC1006AFE1A /* Sources */ = {
			isa = PBXSourcesBuildPhase;
			buildActionMask = 2147483647;
			files = (
				268C1E201A0BFAC1006AFE1A /* GloverPageBasedChallengeTests.swift in Sources */,
			);
			runOnlyForDeploymentPostprocessing = 0;
		};
/* End PBXSourcesBuildPhase section */

/* Begin PBXTargetDependency section */
		268C1E1B1A0BFAC1006AFE1A /* PBXTargetDependency */ = {
			isa = PBXTargetDependency;
			target = 268C1E031A0BFAC1006AFE1A /* GloverPageBasedChallenge */;
			targetProxy = 268C1E1A1A0BFAC1006AFE1A /* PBXContainerItemProxy */;
		};
/* End PBXTargetDependency section */

/* Begin PBXVariantGroup section */
		268C1E0D1A0BFAC1006AFE1A /* Main.storyboard */ = {
			isa = PBXVariantGroup;
			children = (
				268C1E0E1A0BFAC1006AFE1A /* Base */,
			);
			name = Main.storyboard;
			sourceTree = "<group>";
		};
		268C1E121A0BFAC1006AFE1A /* LaunchScreen.xib */ = {
			isa = PBXVariantGroup;
			children = (
				268C1E131A0BFAC1006AFE1A /* Base */,
			);
			name = LaunchScreen.xib;
			sourceTree = "<group>";
		};
/* End PBXVariantGroup section */

/* Begin XCBuildConfiguration section */
		268C1E211A0BFAC1006AFE1A /* Debug */ = {
			isa = XCBuildConfiguration;
			buildSettings = {
				ALWAYS_SEARCH_USER_PATHS = NO;
				CLANG_CXX_LANGUAGE_STANDARD = "gnu++0x";
				CLANG_CXX_LIBRARY = "libc++";
				CLANG_ENABLE_MODULES = YES;
				CLANG_ENABLE_OBJC_ARC = YES;
				CLANG_WARN_BOOL_CONVERSION = YES;
				CLANG_WARN_CONSTANT_CONVERSION = YES;
				CLANG_WARN_DIRECT_OBJC_ISA_USAGE = YES_ERROR;
				CLANG_WARN_EMPTY_BODY = YES;
				CLANG_WARN_ENUM_CONVERSION = YES;
				CLANG_WARN_INT_CONVERSION = YES;
				CLANG_WARN_OBJC_ROOT_CLASS = YES_ERROR;
				CLANG_WARN_UNREACHABLE_CODE = YES;
				CLANG_WARN__DUPLICATE_METHOD_MATCH = YES;
				"CODE_SIGN_IDENTITY[sdk=iphoneos*]" = "iPhone Developer";
				COPY_PHASE_STRIP = NO;
				ENABLE_STRICT_OBJC_MSGSEND = YES;
				GCC_C_LANGUAGE_STANDARD = gnu99;
				GCC_DYNAMIC_NO_PIC = NO;
				GCC_OPTIMIZATION_LEVEL = 0;
				GCC_PREPROCESSOR_DEFINITIONS = (
					"DEBUG=1",
					"$(inherited)",
				);
				GCC_SYMBOLS_PRIVATE_EXTERN = NO;
				GCC_WARN_64_TO_32_BIT_CONVERSION = YES;
				GCC_WARN_ABOUT_RETURN_TYPE = YES_ERROR;
				GCC_WARN_UNDECLARED_SELECTOR = YES;
				GCC_WARN_UNINITIALIZED_AUTOS = YES_AGGRESSIVE;
				GCC_WARN_UNUSED_FUNCTION = YES;
				GCC_WARN_UNUSED_VARIABLE = YES;
				IPHONEOS_DEPLOYMENT_TARGET = 8.1;
				MTL_ENABLE_DEBUG_INFO = YES;
				ONLY_ACTIVE_ARCH = YES;
				SDKROOT = iphoneos;
				SWIFT_OPTIMIZATION_LEVEL = "-Onone";
			};
			name = Debug;
		};
		268C1E221A0BFAC1006AFE1A /* Release */ = {
			isa = XCBuildConfiguration;
			buildSettings = {
				ALWAYS_SEARCH_USER_PATHS = NO;
				CLANG_CXX_LANGUAGE_STANDARD = "gnu++0x";
				CLANG_CXX_LIBRARY = "libc++";
				CLANG_ENABLE_MODULES = YES;
				CLANG_ENABLE_OBJC_ARC = YES;
				CLANG_WARN_BOOL_CONVERSION = YES;
				CLANG_WARN_CONSTANT_CONVERSION = YES;
				CLANG_WARN_DIRECT_OBJC_ISA_USAGE = YES_ERROR;
				CLANG_WARN_EMPTY_BODY = YES;
				CLANG_WARN_ENUM_CONVERSION = YES;
				CLANG_WARN_INT_CONVERSION = YES;
				CLANG_WARN_OBJC_ROOT_CLASS = YES_ERROR;
				CLANG_WARN_UNREACHABLE_CODE = YES;
				CLANG_WARN__DUPLICATE_METHOD_MATCH = YES;
				"CODE_SIGN_IDENTITY[sdk=iphoneos*]" = "iPhone Developer";
				COPY_PHASE_STRIP = YES;
				ENABLE_NS_ASSERTIONS = NO;
				ENABLE_STRICT_OBJC_MSGSEND = YES;
				GCC_C_LANGUAGE_STANDARD = gnu99;
				GCC_WARN_64_TO_32_BIT_CONVERSION = YES;
				GCC_WARN_ABOUT_RETURN_TYPE = YES_ERROR;
				GCC_WARN_UNDECLARED_SELECTOR = YES;
				GCC_WARN_UNINITIALIZED_AUTOS = YES_AGGRESSIVE;
				GCC_WARN_UNUSED_FUNCTION = YES;
				GCC_WARN_UNUSED_VARIABLE = YES;
				IPHONEOS_DEPLOYMENT_TARGET = 8.1;
				MTL_ENABLE_DEBUG_INFO = NO;
				SDKROOT = iphoneos;
				VALIDATE_PRODUCT = YES;
			};
			name = Release;
		};
		268C1E241A0BFAC1006AFE1A /* Debug */ = {
			isa = XCBuildConfiguration;
			buildSettings = {
				ASSETCATALOG_COMPILER_APPICON_NAME = AppIcon;
				INFOPLIST_FILE = GloverPageBasedChallenge/Info.plist;
				LD_RUNPATH_SEARCH_PATHS = "$(inherited) @executable_path/Frameworks";
				PRODUCT_NAME = "$(TARGET_NAME)";
			};
			name = Debug;
		};
		268C1E251A0BFAC1006AFE1A /* Release */ = {
			isa = XCBuildConfiguration;
			buildSettings = {
				ASSETCATALOG_COMPILER_APPICON_NAME = AppIcon;
				INFOPLIST_FILE = GloverPageBasedChallenge/Info.plist;
				LD_RUNPATH_SEARCH_PATHS = "$(inherited) @executable_path/Frameworks";
				PRODUCT_NAME = "$(TARGET_NAME)";
			};
			name = Release;
		};
		268C1E271A0BFAC1006AFE1A /* Debug */ = {
			isa = XCBuildConfiguration;
			buildSettings = {
				BUNDLE_LOADER = "$(TEST_HOST)";
				FRAMEWORK_SEARCH_PATHS = (
					"$(SDKROOT)/Developer/Library/Frameworks",
					"$(inherited)",
				);
				GCC_PREPROCESSOR_DEFINITIONS = (
					"DEBUG=1",
					"$(inherited)",
				);
				INFOPLIST_FILE = GloverPageBasedChallengeTests/Info.plist;
				LD_RUNPATH_SEARCH_PATHS = "$(inherited) @executable_path/Frameworks @loader_path/Frameworks";
				PRODUCT_NAME = "$(TARGET_NAME)";
				TEST_HOST = "$(BUILT_PRODUCTS_DIR)/GloverPageBasedChallenge.app/GloverPageBasedChallenge";
			};
			name = Debug;
		};
		268C1E281A0BFAC1006AFE1A /* Release */ = {
			isa = XCBuildConfiguration;
			buildSettings = {
				BUNDLE_LOADER = "$(TEST_HOST)";
				FRAMEWORK_SEARCH_PATHS = (
					"$(SDKROOT)/Developer/Library/Frameworks",
					"$(inherited)",
				);
				INFOPLIST_FILE = GloverPageBasedChallengeTests/Info.plist;
				LD_RUNPATH_SEARCH_PATHS = "$(inherited) @executable_path/Frameworks @loader_path/Frameworks";
				PRODUCT_NAME = "$(TARGET_NAME)";
				TEST_HOST = "$(BUILT_PRODUCTS_DIR)/GloverPageBasedChallenge.app/GloverPageBasedChallenge";
			};
			name = Release;
		};
/* End XCBuildConfiguration section */

/* Begin XCConfigurationList section */
		268C1DFF1A0BFAC1006AFE1A /* Build configuration list for PBXProject "GloverPageBasedChallenge" */ = {
			isa = XCConfigurationList;
			buildConfigurations = (
				268C1E211A0BFAC1006AFE1A /* Debug */,
				268C1E221A0BFAC1006AFE1A /* Release */,
			);
			defaultConfigurationIsVisible = 0;
			defaultConfigurationName = Release;
		};
		268C1E231A0BFAC1006AFE1A /* Build configuration list for PBXNativeTarget "GloverPageBasedChallenge" */ = {
			isa = XCConfigurationList;
			buildConfigurations = (
				268C1E241A0BFAC1006AFE1A /* Debug */,
				268C1E251A0BFAC1006AFE1A /* Release */,
			);
			defaultConfigurationIsVisible = 0;
		};
		268C1E261A0BFAC1006AFE1A /* Build configuration list for PBXNativeTarget "GloverPageBasedChallengeTests" */ = {
			isa = XCConfigurationList;
			buildConfigurations = (
				268C1E271A0BFAC1006AFE1A /* Debug */,
				268C1E281A0BFAC1006AFE1A /* Release */,
			);
			defaultConfigurationIsVisible = 0;
		};
/* End XCConfigurationList section */
	};
	rootObject = 268C1DFC1A0BFAC1006AFE1A /* Project object */;
}
