// !$*UTF8*$!
{
	archiveVersion = 1;
	classes = {
	};
	objectVersion = 46;
	objects = {

/* Begin PBXBuildFile section */
		2613AA0919D278EE00B00C32 /* AppDelegate.swift in Sources */ = {isa = PBXBuildFile; fileRef = 2613AA0819D278EE00B00C32 /* AppDelegate.swift */; };
		2613AA0B19D278EE00B00C32 /* ViewController.swift in Sources */ = {isa = PBXBuildFile; fileRef = 2613AA0A19D278EE00B00C32 /* ViewController.swift */; };
		2613AA0E19D278EE00B00C32 /* Main.storyboard in Resources */ = {isa = PBXBuildFile; fileRef = 2613AA0C19D278EE00B00C32 /* Main.storyboard */; };
		2613AA1019D278EE00B00C32 /* Images.xcassets in Resources */ = {isa = PBXBuildFile; fileRef = 2613AA0F19D278EE00B00C32 /* Images.xcassets */; };
		2613AA1319D278EE00B00C32 /* LaunchScreen.xib in Resources */ = {isa = PBXBuildFile; fileRef = 2613AA1119D278EE00B00C32 /* LaunchScreen.xib */; };
		2613AA1F19D278EE00B00C32 /* facebookLoginTests.swift in Sources */ = {isa = PBXBuildFile; fileRef = 2613AA1E19D278EE00B00C32 /* facebookLoginTests.swift */; };
		2613AA2919D2792800B00C32 /* FacebookSDK.framework in Frameworks */ = {isa = PBXBuildFile; fileRef = 2613AA2819D2792800B00C32 /* FacebookSDK.framework */; };
/* End PBXBuildFile section */

/* Begin PBXContainerItemProxy section */
		2613AA1919D278EE00B00C32 /* PBXContainerItemProxy */ = {
			isa = PBXContainerItemProxy;
			containerPortal = 2613A9FB19D278EE00B00C32 /* Project object */;
			proxyType = 1;
			remoteGlobalIDString = 2613AA0219D278EE00B00C32;
			remoteInfo = facebookLogin;
		};
/* End PBXContainerItemProxy section */

/* Begin PBXFileReference section */
		2613AA0319D278EE00B00C32 /* facebookLogin.app */ = {isa = PBXFileReference; explicitFileType = wrapper.application; includeInIndex = 0; path = facebookLogin.app; sourceTree = BUILT_PRODUCTS_DIR; };
		2613AA0719D278EE00B00C32 /* Info.plist */ = {isa = PBXFileReference; lastKnownFileType = text.plist.xml; path = Info.plist; sourceTree = "<group>"; };
		2613AA0819D278EE00B00C32 /* AppDelegate.swift */ = {isa = PBXFileReference; lastKnownFileType = sourcecode.swift; path = AppDelegate.swift; sourceTree = "<group>"; };
		2613AA0A19D278EE00B00C32 /* ViewController.swift */ = {isa = PBXFileReference; lastKnownFileType = sourcecode.swift; path = ViewController.swift; sourceTree = "<group>"; };
		2613AA0D19D278EE00B00C32 /* Base */ = {isa = PBXFileReference; lastKnownFileType = file.storyboard; name = Base; path = Base.lproj/Main.storyboard; sourceTree = "<group>"; };
		2613AA0F19D278EE00B00C32 /* Images.xcassets */ = {isa = PBXFileReference; lastKnownFileType = folder.assetcatalog; path = Images.xcassets; sourceTree = "<group>"; };
		2613AA1219D278EE00B00C32 /* Base */ = {isa = PBXFileReference; lastKnownFileType = file.xib; name = Base; path = Base.lproj/LaunchScreen.xib; sourceTree = "<group>"; };
		2613AA1819D278EE00B00C32 /* facebookLoginTests.xctest */ = {isa = PBXFileReference; explicitFileType = wrapper.cfbundle; includeInIndex = 0; path = facebookLoginTests.xctest; sourceTree = BUILT_PRODUCTS_DIR; };
		2613AA1D19D278EE00B00C32 /* Info.plist */ = {isa = PBXFileReference; lastKnownFileType = text.plist.xml; path = Info.plist; sourceTree = "<group>"; };
		2613AA1E19D278EE00B00C32 /* facebookLoginTests.swift */ = {isa = PBXFileReference; lastKnownFileType = sourcecode.swift; path = facebookLoginTests.swift; sourceTree = "<group>"; };
		2613AA2819D2792800B00C32 /* FacebookSDK.framework */ = {isa = PBXFileReference; lastKnownFileType = wrapper.framework; name = FacebookSDK.framework; path = ../../../FacebookSDK/FacebookSDK.framework; sourceTree = "<group>"; };
		2613AA2A19D27AFA00B00C32 /* Bridge-Header.h */ = {isa = PBXFileReference; lastKnownFileType = sourcecode.c.h; path = "Bridge-Header.h"; sourceTree = "<group>"; };
/* End PBXFileReference section */

/* Begin PBXFrameworksBuildPhase section */
		2613AA0019D278EE00B00C32 /* Frameworks */ = {
			isa = PBXFrameworksBuildPhase;
			buildActionMask = 2147483647;
			files = (
				2613AA2919D2792800B00C32 /* FacebookSDK.framework in Frameworks */,
			);
			runOnlyForDeploymentPostprocessing = 0;
		};
		2613AA1519D278EE00B00C32 /* Frameworks */ = {
			isa = PBXFrameworksBuildPhase;
			buildActionMask = 2147483647;
			files = (
			);
			runOnlyForDeploymentPostprocessing = 0;
		};
/* End PBXFrameworksBuildPhase section */

/* Begin PBXGroup section */
		2613A9FA19D278EE00B00C32 = {
			isa = PBXGroup;
			children = (
				2613AA2819D2792800B00C32 /* FacebookSDK.framework */,
				2613AA0519D278EE00B00C32 /* facebookLogin */,
				2613AA1B19D278EE00B00C32 /* facebookLoginTests */,
				2613AA0419D278EE00B00C32 /* Products */,
			);
			sourceTree = "<group>";
		};
		2613AA0419D278EE00B00C32 /* Products */ = {
			isa = PBXGroup;
			children = (
				2613AA0319D278EE00B00C32 /* facebookLogin.app */,
				2613AA1819D278EE00B00C32 /* facebookLoginTests.xctest */,
			);
			name = Products;
			sourceTree = "<group>";
		};
		2613AA0519D278EE00B00C32 /* facebookLogin */ = {
			isa = PBXGroup;
			children = (
				2613AA0819D278EE00B00C32 /* AppDelegate.swift */,
				2613AA2A19D27AFA00B00C32 /* Bridge-Header.h */,
				2613AA0A19D278EE00B00C32 /* ViewController.swift */,
				2613AA0C19D278EE00B00C32 /* Main.storyboard */,
				2613AA0F19D278EE00B00C32 /* Images.xcassets */,
				2613AA1119D278EE00B00C32 /* LaunchScreen.xib */,
				2613AA0619D278EE00B00C32 /* Supporting Files */,
			);
			path = facebookLogin;
			sourceTree = "<group>";
		};
		2613AA0619D278EE00B00C32 /* Supporting Files */ = {
			isa = PBXGroup;
			children = (
				2613AA0719D278EE00B00C32 /* Info.plist */,
			);
			name = "Supporting Files";
			sourceTree = "<group>";
		};
		2613AA1B19D278EE00B00C32 /* facebookLoginTests */ = {
			isa = PBXGroup;
			children = (
				2613AA1E19D278EE00B00C32 /* facebookLoginTests.swift */,
				2613AA1C19D278EE00B00C32 /* Supporting Files */,
			);
			path = facebookLoginTests;
			sourceTree = "<group>";
		};
		2613AA1C19D278EE00B00C32 /* Supporting Files */ = {
			isa = PBXGroup;
			children = (
				2613AA1D19D278EE00B00C32 /* Info.plist */,
			);
			name = "Supporting Files";
			sourceTree = "<group>";
		};
/* End PBXGroup section */

/* Begin PBXNativeTarget section */
		2613AA0219D278EE00B00C32 /* facebookLogin */ = {
			isa = PBXNativeTarget;
			buildConfigurationList = 2613AA2219D278EE00B00C32 /* Build configuration list for PBXNativeTarget "facebookLogin" */;
			buildPhases = (
				2613A9FF19D278EE00B00C32 /* Sources */,
				2613AA0019D278EE00B00C32 /* Frameworks */,
				2613AA0119D278EE00B00C32 /* Resources */,
			);
			buildRules = (
			);
			dependencies = (
			);
			name = facebookLogin;
			productName = facebookLogin;
			productReference = 2613AA0319D278EE00B00C32 /* facebookLogin.app */;
			productType = "com.apple.product-type.application";
		};
		2613AA1719D278EE00B00C32 /* facebookLoginTests */ = {
			isa = PBXNativeTarget;
			buildConfigurationList = 2613AA2519D278EE00B00C32 /* Build configuration list for PBXNativeTarget "facebookLoginTests" */;
			buildPhases = (
				2613AA1419D278EE00B00C32 /* Sources */,
				2613AA1519D278EE00B00C32 /* Frameworks */,
				2613AA1619D278EE00B00C32 /* Resources */,
			);
			buildRules = (
			);
			dependencies = (
				2613AA1A19D278EE00B00C32 /* PBXTargetDependency */,
			);
			name = facebookLoginTests;
			productName = facebookLoginTests;
			productReference = 2613AA1819D278EE00B00C32 /* facebookLoginTests.xctest */;
			productType = "com.apple.product-type.bundle.unit-test";
		};
/* End PBXNativeTarget section */

/* Begin PBXProject section */
		2613A9FB19D278EE00B00C32 /* Project object */ = {
			isa = PBXProject;
			attributes = {
				LastUpgradeCheck = 0600;
				ORGANIZATIONNAME = "Danny Glover";
				TargetAttributes = {
					2613AA0219D278EE00B00C32 = {
						CreatedOnToolsVersion = 6.0;
					};
					2613AA1719D278EE00B00C32 = {
						CreatedOnToolsVersion = 6.0;
						TestTargetID = 2613AA0219D278EE00B00C32;
					};
				};
			};
			buildConfigurationList = 2613A9FE19D278EE00B00C32 /* Build configuration list for PBXProject "facebookLogin" */;
			compatibilityVersion = "Xcode 3.2";
			developmentRegion = English;
			hasScannedForEncodings = 0;
			knownRegions = (
				en,
				Base,
			);
			mainGroup = 2613A9FA19D278EE00B00C32;
			productRefGroup = 2613AA0419D278EE00B00C32 /* Products */;
			projectDirPath = "";
			projectRoot = "";
			targets = (
				2613AA0219D278EE00B00C32 /* facebookLogin */,
				2613AA1719D278EE00B00C32 /* facebookLoginTests */,
			);
		};
/* End PBXProject section */

/* Begin PBXResourcesBuildPhase section */
		2613AA0119D278EE00B00C32 /* Resources */ = {
			isa = PBXResourcesBuildPhase;
			buildActionMask = 2147483647;
			files = (
				2613AA0E19D278EE00B00C32 /* Main.storyboard in Resources */,
				2613AA1319D278EE00B00C32 /* LaunchScreen.xib in Resources */,
				2613AA1019D278EE00B00C32 /* Images.xcassets in Resources */,
			);
			runOnlyForDeploymentPostprocessing = 0;
		};
		2613AA1619D278EE00B00C32 /* Resources */ = {
			isa = PBXResourcesBuildPhase;
			buildActionMask = 2147483647;
			files = (
			);
			runOnlyForDeploymentPostprocessing = 0;
		};
/* End PBXResourcesBuildPhase section */

/* Begin PBXSourcesBuildPhase section */
		2613A9FF19D278EE00B00C32 /* Sources */ = {
			isa = PBXSourcesBuildPhase;
			buildActionMask = 2147483647;
			files = (
				2613AA0B19D278EE00B00C32 /* ViewController.swift in Sources */,
				2613AA0919D278EE00B00C32 /* AppDelegate.swift in Sources */,
			);
			runOnlyForDeploymentPostprocessing = 0;
		};
		2613AA1419D278EE00B00C32 /* Sources */ = {
			isa = PBXSourcesBuildPhase;
			buildActionMask = 2147483647;
			files = (
				2613AA1F19D278EE00B00C32 /* facebookLoginTests.swift in Sources */,
			);
			runOnlyForDeploymentPostprocessing = 0;
		};
/* End PBXSourcesBuildPhase section */

/* Begin PBXTargetDependency section */
		2613AA1A19D278EE00B00C32 /* PBXTargetDependency */ = {
			isa = PBXTargetDependency;
			target = 2613AA0219D278EE00B00C32 /* facebookLogin */;
			targetProxy = 2613AA1919D278EE00B00C32 /* PBXContainerItemProxy */;
		};
/* End PBXTargetDependency section */

/* Begin PBXVariantGroup section */
		2613AA0C19D278EE00B00C32 /* Main.storyboard */ = {
			isa = PBXVariantGroup;
			children = (
				2613AA0D19D278EE00B00C32 /* Base */,
			);
			name = Main.storyboard;
			sourceTree = "<group>";
		};
		2613AA1119D278EE00B00C32 /* LaunchScreen.xib */ = {
			isa = PBXVariantGroup;
			children = (
				2613AA1219D278EE00B00C32 /* Base */,
			);
			name = LaunchScreen.xib;
			sourceTree = "<group>";
		};
/* End PBXVariantGroup section */

/* Begin XCBuildConfiguration section */
		2613AA2019D278EE00B00C32 /* Debug */ = {
			isa = XCBuildConfiguration;
			buildSettings = {
				ALWAYS_SEARCH_USER_PATHS = NO;
				CLANG_CXX_LANGUAGE_STANDARD = "gnu++0x";
				CLANG_CXX_LIBRARY = "libc++";
				CLANG_ENABLE_MODULES = YES;
				CLANG_ENABLE_OBJC_ARC = YES;
				CLANG_WARN_BOOL_CONVERSION = YES;
				CLANG_WARN_CONSTANT_CONVERSION = YES;
				CLANG_WARN_DIRECT_OBJC_ISA_USAGE = YES_ERROR;
				CLANG_WARN_EMPTY_BODY = YES;
				CLANG_WARN_ENUM_CONVERSION = YES;
				CLANG_WARN_INT_CONVERSION = YES;
				CLANG_WARN_OBJC_ROOT_CLASS = YES_ERROR;
				CLANG_WARN_UNREACHABLE_CODE = YES;
				CLANG_WARN__DUPLICATE_METHOD_MATCH = YES;
				"CODE_SIGN_IDENTITY[sdk=iphoneos*]" = "iPhone Developer";
				COPY_PHASE_STRIP = NO;
				ENABLE_STRICT_OBJC_MSGSEND = YES;
				GCC_C_LANGUAGE_STANDARD = gnu99;
				GCC_DYNAMIC_NO_PIC = NO;
				GCC_OPTIMIZATION_LEVEL = 0;
				GCC_PREPROCESSOR_DEFINITIONS = (
					"DEBUG=1",
					"$(inherited)",
				);
				GCC_SYMBOLS_PRIVATE_EXTERN = NO;
				GCC_WARN_64_TO_32_BIT_CONVERSION = YES;
				GCC_WARN_ABOUT_RETURN_TYPE = YES_ERROR;
				GCC_WARN_UNDECLARED_SELECTOR = YES;
				GCC_WARN_UNINITIALIZED_AUTOS = YES_AGGRESSIVE;
				GCC_WARN_UNUSED_FUNCTION = YES;
				GCC_WARN_UNUSED_VARIABLE = YES;
				IPHONEOS_DEPLOYMENT_TARGET = 8.0;
				MTL_ENABLE_DEBUG_INFO = YES;
				ONLY_ACTIVE_ARCH = YES;
				SDKROOT = iphoneos;
				SWIFT_OPTIMIZATION_LEVEL = "-Onone";
			};
			name = Debug;
		};
		2613AA2119D278EE00B00C32 /* Release */ = {
			isa = XCBuildConfiguration;
			buildSettings = {
				ALWAYS_SEARCH_USER_PATHS = NO;
				CLANG_CXX_LANGUAGE_STANDARD = "gnu++0x";
				CLANG_CXX_LIBRARY = "libc++";
				CLANG_ENABLE_MODULES = YES;
				CLANG_ENABLE_OBJC_ARC = YES;
				CLANG_WARN_BOOL_CONVERSION = YES;
				CLANG_WARN_CONSTANT_CONVERSION = YES;
				CLANG_WARN_DIRECT_OBJC_ISA_USAGE = YES_ERROR;
				CLANG_WARN_EMPTY_BODY = YES;
				CLANG_WARN_ENUM_CONVERSION = YES;
				CLANG_WARN_INT_CONVERSION = YES;
				CLANG_WARN_OBJC_ROOT_CLASS = YES_ERROR;
				CLANG_WARN_UNREACHABLE_CODE = YES;
				CLANG_WARN__DUPLICATE_METHOD_MATCH = YES;
				"CODE_SIGN_IDENTITY[sdk=iphoneos*]" = "iPhone Developer";
				COPY_PHASE_STRIP = YES;
				ENABLE_NS_ASSERTIONS = NO;
				ENABLE_STRICT_OBJC_MSGSEND = YES;
				GCC_C_LANGUAGE_STANDARD = gnu99;
				GCC_WARN_64_TO_32_BIT_CONVERSION = YES;
				GCC_WARN_ABOUT_RETURN_TYPE = YES_ERROR;
				GCC_WARN_UNDECLARED_SELECTOR = YES;
				GCC_WARN_UNINITIALIZED_AUTOS = YES_AGGRESSIVE;
				GCC_WARN_UNUSED_FUNCTION = YES;
				GCC_WARN_UNUSED_VARIABLE = YES;
				IPHONEOS_DEPLOYMENT_TARGET = 8.0;
				MTL_ENABLE_DEBUG_INFO = NO;
				SDKROOT = iphoneos;
				VALIDATE_PRODUCT = YES;
			};
			name = Release;
		};
		2613AA2319D278EE00B00C32 /* Debug */ = {
			isa = XCBuildConfiguration;
			buildSettings = {
				ASSETCATALOG_COMPILER_APPICON_NAME = AppIcon;
				FRAMEWORK_SEARCH_PATHS = (
					"$(inherited)",
					/Users/Hobbes/Documents/FacebookSDK,
				);
				INFOPLIST_FILE = facebookLogin/Info.plist;
				LD_RUNPATH_SEARCH_PATHS = "$(inherited) @executable_path/Frameworks";
				New_Setting = "";
				PRODUCT_NAME = "$(TARGET_NAME)";
				SWIFT_OBJC_BRIDGING_HEADER = "facebookLogin/Bridge-Header.h";
			};
			name = Debug;
		};
		2613AA2419D278EE00B00C32 /* Release */ = {
			isa = XCBuildConfiguration;
			buildSettings = {
				ASSETCATALOG_COMPILER_APPICON_NAME = AppIcon;
				FRAMEWORK_SEARCH_PATHS = (
					"$(inherited)",
					/Users/Hobbes/Documents/FacebookSDK,
				);
				INFOPLIST_FILE = facebookLogin/Info.plist;
				LD_RUNPATH_SEARCH_PATHS = "$(inherited) @executable_path/Frameworks";
				New_Setting = "";
				PRODUCT_NAME = "$(TARGET_NAME)";
				SWIFT_OBJC_BRIDGING_HEADER = "facebookLogin/Bridge-Header.h";
			};
			name = Release;
		};
		2613AA2619D278EE00B00C32 /* Debug */ = {
			isa = XCBuildConfiguration;
			buildSettings = {
				BUNDLE_LOADER = "$(TEST_HOST)";
				FRAMEWORK_SEARCH_PATHS = (
					"$(SDKROOT)/Developer/Library/Frameworks",
					"$(inherited)",
				);
				GCC_PREPROCESSOR_DEFINITIONS = (
					"DEBUG=1",
					"$(inherited)",
				);
				INFOPLIST_FILE = facebookLoginTests/Info.plist;
				LD_RUNPATH_SEARCH_PATHS = "$(inherited) @executable_path/Frameworks @loader_path/Frameworks";
				PRODUCT_NAME = "$(TARGET_NAME)";
				TEST_HOST = "$(BUILT_PRODUCTS_DIR)/facebookLogin.app/facebookLogin";
			};
			name = Debug;
		};
		2613AA2719D278EE00B00C32 /* Release */ = {
			isa = XCBuildConfiguration;
			buildSettings = {
				BUNDLE_LOADER = "$(TEST_HOST)";
				FRAMEWORK_SEARCH_PATHS = (
					"$(SDKROOT)/Developer/Library/Frameworks",
					"$(inherited)",
				);
				INFOPLIST_FILE = facebookLoginTests/Info.plist;
				LD_RUNPATH_SEARCH_PATHS = "$(inherited) @executable_path/Frameworks @loader_path/Frameworks";
				PRODUCT_NAME = "$(TARGET_NAME)";
				TEST_HOST = "$(BUILT_PRODUCTS_DIR)/facebookLogin.app/facebookLogin";
			};
			name = Release;
		};
/* End XCBuildConfiguration section */

/* Begin XCConfigurationList section */
		2613A9FE19D278EE00B00C32 /* Build configuration list for PBXProject "facebookLogin" */ = {
			isa = XCConfigurationList;
			buildConfigurations = (
				2613AA2019D278EE00B00C32 /* Debug */,
				2613AA2119D278EE00B00C32 /* Release */,
			);
			defaultConfigurationIsVisible = 0;
			defaultConfigurationName = Release;
		};
		2613AA2219D278EE00B00C32 /* Build configuration list for PBXNativeTarget "facebookLogin" */ = {
			isa = XCConfigurationList;
			buildConfigurations = (
				2613AA2319D278EE00B00C32 /* Debug */,
				2613AA2419D278EE00B00C32 /* Release */,
			);
			defaultConfigurationIsVisible = 0;
		};
		2613AA2519D278EE00B00C32 /* Build configuration list for PBXNativeTarget "facebookLoginTests" */ = {
			isa = XCConfigurationList;
			buildConfigurations = (
				2613AA2619D278EE00B00C32 /* Debug */,
				2613AA2719D278EE00B00C32 /* Release */,
			);
			defaultConfigurationIsVisible = 0;
		};
/* End XCConfigurationList section */
	};
	rootObject = 2613A9FB19D278EE00B00C32 /* Project object */;
}
